// !$*UTF8*$!
{
	archiveVersion = 1;
	classes = {
	};
	objectVersion = 46;
	objects = {

/* Begin PBXBuildFile section */
		33B159D61967E09D0067C44D /* Cocoa.framework in Frameworks */ = {isa = PBXBuildFile; fileRef = 33B159D51967E09D0067C44D /* Cocoa.framework */; };
		33B159E01967E09D0067C44D /* InfoPlist.strings in Resources */ = {isa = PBXBuildFile; fileRef = 33B159DE1967E09D0067C44D /* InfoPlist.strings */; };
		33B159E21967E09D0067C44D /* main.m in Sources */ = {isa = PBXBuildFile; fileRef = 33B159E11967E09D0067C44D /* main.m */; };
		33B159E91967E09D0067C44D /* AppDelegate.m in Sources */ = {isa = PBXBuildFile; fileRef = 33B159E81967E09D0067C44D /* AppDelegate.m */; };
		33B159EC1967E09D0067C44D /* MainMenu.xib in Resources */ = {isa = PBXBuildFile; fileRef = 33B159EA1967E09D0067C44D /* MainMenu.xib */; };
		33E9A2DB1967E1A3001FA1AD /* qaul.icns in Resources */ = {isa = PBXBuildFile; fileRef = 33E9A2DA1967E1A3001FA1AD /* qaul.icns */; };
		33E9A2DE1967E1B2001FA1AD /* WebKit.framework in Frameworks */ = {isa = PBXBuildFile; fileRef = 33E9A2DD1967E1B2001FA1AD /* WebKit.framework */; };
		33E9A2E11967E707001FA1AD /* www in Resources */ = {isa = PBXBuildFile; fileRef = 33E9A2E01967E707001FA1AD /* www */; };
		33E9A2E31967E7C5001FA1AD /* libqaul.a in Frameworks */ = {isa = PBXBuildFile; fileRef = 33E9A2E21967E7C5001FA1AD /* libqaul.a */; };
		33E9A2E71967E963001FA1AD /* QaulConfigWifi.m in Sources */ = {isa = PBXBuildFile; fileRef = 33E9A2E61967E963001FA1AD /* QaulConfigWifi.m */; };
		33E9A2E91967ED7E001FA1AD /* SystemConfiguration.framework in Frameworks */ = {isa = PBXBuildFile; fileRef = 33E9A2E81967ED7D001FA1AD /* SystemConfiguration.framework */; };
		33E9A2EB1967EE3B001FA1AD /* CoreWLAN.framework in Frameworks */ = {isa = PBXBuildFile; fileRef = 33E9A2EA1967EE3B001FA1AD /* CoreWLAN.framework */; };
		33E9A3001967F857001FA1AD /* libpj-x86_64-apple-darwin10.8.0.a in Frameworks */ = {isa = PBXBuildFile; fileRef = 33E9A2EC1967F857001FA1AD /* libpj-x86_64-apple-darwin10.8.0.a */; };
		33E9A3011967F857001FA1AD /* libpjsip-ua-x86_64-apple-darwin10.8.0.a in Frameworks */ = {isa = PBXBuildFile; fileRef = 33E9A2ED1967F857001FA1AD /* libpjsip-ua-x86_64-apple-darwin10.8.0.a */; };
		33E9A3021967F857001FA1AD /* libg7221codec-x86_64-apple-darwin10.8.0.a in Frameworks */ = {isa = PBXBuildFile; fileRef = 33E9A2EE1967F857001FA1AD /* libg7221codec-x86_64-apple-darwin10.8.0.a */; };
		33E9A3031967F857001FA1AD /* libpjsip-simple-x86_64-apple-darwin10.8.0.a in Frameworks */ = {isa = PBXBuildFile; fileRef = 33E9A2EF1967F857001FA1AD /* libpjsip-simple-x86_64-apple-darwin10.8.0.a */; };
		33E9A3041967F857001FA1AD /* libpjsua-x86_64-apple-darwin10.8.0.a in Frameworks */ = {isa = PBXBuildFile; fileRef = 33E9A2F01967F857001FA1AD /* libpjsua-x86_64-apple-darwin10.8.0.a */; };
		33E9A3051967F857001FA1AD /* libsrtp-x86_64-apple-darwin10.8.0.a in Frameworks */ = {isa = PBXBuildFile; fileRef = 33E9A2F11967F857001FA1AD /* libsrtp-x86_64-apple-darwin10.8.0.a */; };
		33E9A3061967F857001FA1AD /* libpjsdp-x86_64-apple-darwin10.8.0.a in Frameworks */ = {isa = PBXBuildFile; fileRef = 33E9A2F21967F857001FA1AD /* libpjsdp-x86_64-apple-darwin10.8.0.a */; };
		33E9A3071967F857001FA1AD /* libpjsip-x86_64-apple-darwin10.8.0.a in Frameworks */ = {isa = PBXBuildFile; fileRef = 33E9A2F31967F857001FA1AD /* libpjsip-x86_64-apple-darwin10.8.0.a */; };
		33E9A3081967F857001FA1AD /* libresample-x86_64-apple-darwin10.8.0.a in Frameworks */ = {isa = PBXBuildFile; fileRef = 33E9A2F41967F857001FA1AD /* libresample-x86_64-apple-darwin10.8.0.a */; };
		33E9A3091967F857001FA1AD /* libportaudio-x86_64-apple-darwin10.8.0.a in Frameworks */ = {isa = PBXBuildFile; fileRef = 33E9A2F51967F857001FA1AD /* libportaudio-x86_64-apple-darwin10.8.0.a */; };
		33E9A30A1967F857001FA1AD /* libpjnath-x86_64-apple-darwin10.8.0.a in Frameworks */ = {isa = PBXBuildFile; fileRef = 33E9A2F61967F857001FA1AD /* libpjnath-x86_64-apple-darwin10.8.0.a */; };
		33E9A30B1967F857001FA1AD /* libpjmedia-audiodev-x86_64-apple-darwin10.8.0.a in Frameworks */ = {isa = PBXBuildFile; fileRef = 33E9A2F71967F857001FA1AD /* libpjmedia-audiodev-x86_64-apple-darwin10.8.0.a */; };
		33E9A30C1967F857001FA1AD /* libspeex-x86_64-apple-darwin10.8.0.a in Frameworks */ = {isa = PBXBuildFile; fileRef = 33E9A2F81967F857001FA1AD /* libspeex-x86_64-apple-darwin10.8.0.a */; };
		33E9A30D1967F857001FA1AD /* libpjsua2-x86_64-apple-darwin10.8.0.a in Frameworks */ = {isa = PBXBuildFile; fileRef = 33E9A2F91967F857001FA1AD /* libpjsua2-x86_64-apple-darwin10.8.0.a */; };
		33E9A30E1967F858001FA1AD /* libpjmedia-videodev-x86_64-apple-darwin10.8.0.a in Frameworks */ = {isa = PBXBuildFile; fileRef = 33E9A2FA1967F857001FA1AD /* libpjmedia-videodev-x86_64-apple-darwin10.8.0.a */; };
		33E9A30F1967F858001FA1AD /* libpjlib-util-x86_64-apple-darwin10.8.0.a in Frameworks */ = {isa = PBXBuildFile; fileRef = 33E9A2FB1967F857001FA1AD /* libpjlib-util-x86_64-apple-darwin10.8.0.a */; };
		33E9A3101967F858001FA1AD /* libgsmcodec-x86_64-apple-darwin10.8.0.a in Frameworks */ = {isa = PBXBuildFile; fileRef = 33E9A2FC1967F857001FA1AD /* libgsmcodec-x86_64-apple-darwin10.8.0.a */; };
		33E9A3111967F858001FA1AD /* libpjmedia-codec-x86_64-apple-darwin10.8.0.a in Frameworks */ = {isa = PBXBuildFile; fileRef = 33E9A2FD1967F857001FA1AD /* libpjmedia-codec-x86_64-apple-darwin10.8.0.a */; };
		33E9A3121967F858001FA1AD /* libpjmedia-x86_64-apple-darwin10.8.0.a in Frameworks */ = {isa = PBXBuildFile; fileRef = 33E9A2FE1967F857001FA1AD /* libpjmedia-x86_64-apple-darwin10.8.0.a */; };
		33E9A3131967F858001FA1AD /* libilbccodec-x86_64-apple-darwin10.8.0.a in Frameworks */ = {isa = PBXBuildFile; fileRef = 33E9A2FF1967F857001FA1AD /* libilbccodec-x86_64-apple-darwin10.8.0.a */; };
		33E9A3151967F971001FA1AD /* AudioToolbox.framework in Frameworks */ = {isa = PBXBuildFile; fileRef = 33E9A3141967F970001FA1AD /* AudioToolbox.framework */; };
		33E9A3171967F9A7001FA1AD /* AudioUnit.framework in Frameworks */ = {isa = PBXBuildFile; fileRef = 33E9A3161967F9A7001FA1AD /* AudioUnit.framework */; };
		33E9A3191967F9CD001FA1AD /* CoreAudio.framework in Frameworks */ = {isa = PBXBuildFile; fileRef = 33E9A3181967F9CD001FA1AD /* CoreAudio.framework */; };
/* End PBXBuildFile section */

/* Begin PBXFileReference section */
		33B159D11967E09D0067C44D /* qaul.app */ = {isa = PBXFileReference; explicitFileType = wrapper.application; includeInIndex = 0; path = qaul.app; sourceTree = BUILT_PRODUCTS_DIR; };
		33B159D51967E09D0067C44D /* Cocoa.framework */ = {isa = PBXFileReference; lastKnownFileType = wrapper.framework; name = Cocoa.framework; path = System/Library/Frameworks/Cocoa.framework; sourceTree = SDKROOT; };
		33B159D81967E09D0067C44D /* AppKit.framework */ = {isa = PBXFileReference; lastKnownFileType = wrapper.framework; name = AppKit.framework; path = System/Library/Frameworks/AppKit.framework; sourceTree = SDKROOT; };
		33B159D91967E09D0067C44D /* CoreData.framework */ = {isa = PBXFileReference; lastKnownFileType = wrapper.framework; name = CoreData.framework; path = System/Library/Frameworks/CoreData.framework; sourceTree = SDKROOT; };
		33B159DA1967E09D0067C44D /* Foundation.framework */ = {isa = PBXFileReference; lastKnownFileType = wrapper.framework; name = Foundation.framework; path = System/Library/Frameworks/Foundation.framework; sourceTree = SDKROOT; };
		33B159DD1967E09D0067C44D /* qaul-Info.plist */ = {isa = PBXFileReference; lastKnownFileType = text.plist.xml; path = "qaul-Info.plist"; sourceTree = "<group>"; };
		33B159DF1967E09D0067C44D /* en */ = {isa = PBXFileReference; lastKnownFileType = text.plist.strings; name = en; path = en.lproj/InfoPlist.strings; sourceTree = "<group>"; };
		33B159E11967E09D0067C44D /* main.m */ = {isa = PBXFileReference; lastKnownFileType = sourcecode.c.objc; path = main.m; sourceTree = "<group>"; };
		33B159E31967E09D0067C44D /* qaul-Prefix.pch */ = {isa = PBXFileReference; lastKnownFileType = sourcecode.c.h; path = "qaul-Prefix.pch"; sourceTree = "<group>"; };
		33B159E71967E09D0067C44D /* AppDelegate.h */ = {isa = PBXFileReference; lastKnownFileType = sourcecode.c.h; path = AppDelegate.h; sourceTree = "<group>"; };
		33B159E81967E09D0067C44D /* AppDelegate.m */ = {isa = PBXFileReference; lastKnownFileType = sourcecode.c.objc; path = AppDelegate.m; sourceTree = "<group>"; };
		33B159EB1967E09D0067C44D /* en */ = {isa = PBXFileReference; lastKnownFileType = file.xib; name = en; path = en.lproj/MainMenu.xib; sourceTree = "<group>"; };
		33E9A2DA1967E1A3001FA1AD /* qaul.icns */ = {isa = PBXFileReference; lastKnownFileType = image.icns; path = qaul.icns; sourceTree = "<group>"; };
		33E9A2DD1967E1B2001FA1AD /* WebKit.framework */ = {isa = PBXFileReference; lastKnownFileType = wrapper.framework; name = WebKit.framework; path = System/Library/Frameworks/WebKit.framework; sourceTree = SDKROOT; };
		33E9A2E01967E707001FA1AD /* www */ = {isa = PBXFileReference; lastKnownFileType = folder; name = www; path = ../www; sourceTree = "<group>"; };
		33E9A2E21967E7C5001FA1AD /* libqaul.a */ = {isa = PBXFileReference; lastKnownFileType = archive.ar; name = libqaul.a; path = ../libqaul/libqaul.a; sourceTree = "<group>"; };
		33E9A2E41967E7E3001FA1AD /* qaullib.h */ = {isa = PBXFileReference; fileEncoding = 4; lastKnownFileType = sourcecode.c.h; name = qaullib.h; path = ../libqaul/qaullib.h; sourceTree = "<group>"; };
		33E9A2E51967E963001FA1AD /* QaulConfigWifi.h */ = {isa = PBXFileReference; fileEncoding = 4; lastKnownFileType = sourcecode.c.h; path = QaulConfigWifi.h; sourceTree = "<group>"; };
		33E9A2E61967E963001FA1AD /* QaulConfigWifi.m */ = {isa = PBXFileReference; fileEncoding = 4; lastKnownFileType = sourcecode.c.objc; path = QaulConfigWifi.m; sourceTree = "<group>"; };
		33E9A2E81967ED7D001FA1AD /* SystemConfiguration.framework */ = {isa = PBXFileReference; lastKnownFileType = wrapper.framework; name = SystemConfiguration.framework; path = System/Library/Frameworks/SystemConfiguration.framework; sourceTree = SDKROOT; };
		33E9A2EA1967EE3B001FA1AD /* CoreWLAN.framework */ = {isa = PBXFileReference; lastKnownFileType = wrapper.framework; name = CoreWLAN.framework; path = System/Library/Frameworks/CoreWLAN.framework; sourceTree = SDKROOT; };
		33E9A2EC1967F857001FA1AD /* libpj-x86_64-apple-darwin10.8.0.a */ = {isa = PBXFileReference; lastKnownFileType = archive.ar; name = "libpj-x86_64-apple-darwin10.8.0.a"; path = "../pjproject-2.2.1/pjlib/lib/libpj-x86_64-apple-darwin10.8.0.a"; sourceTree = "<group>"; };
		33E9A2ED1967F857001FA1AD /* libpjsip-ua-x86_64-apple-darwin10.8.0.a */ = {isa = PBXFileReference; lastKnownFileType = archive.ar; name = "libpjsip-ua-x86_64-apple-darwin10.8.0.a"; path = "../pjproject-2.2.1/pjsip/lib/libpjsip-ua-x86_64-apple-darwin10.8.0.a"; sourceTree = "<group>"; };
		33E9A2EE1967F857001FA1AD /* libg7221codec-x86_64-apple-darwin10.8.0.a */ = {isa = PBXFileReference; lastKnownFileType = archive.ar; name = "libg7221codec-x86_64-apple-darwin10.8.0.a"; path = "../pjproject-2.2.1/third_party/lib/libg7221codec-x86_64-apple-darwin10.8.0.a"; sourceTree = "<group>"; };
		33E9A2EF1967F857001FA1AD /* libpjsip-simple-x86_64-apple-darwin10.8.0.a */ = {isa = PBXFileReference; lastKnownFileType = archive.ar; name = "libpjsip-simple-x86_64-apple-darwin10.8.0.a"; path = "../pjproject-2.2.1/pjsip/lib/libpjsip-simple-x86_64-apple-darwin10.8.0.a"; sourceTree = "<group>"; };
		33E9A2F01967F857001FA1AD /* libpjsua-x86_64-apple-darwin10.8.0.a */ = {isa = PBXFileReference; lastKnownFileType = archive.ar; name = "libpjsua-x86_64-apple-darwin10.8.0.a"; path = "../pjproject-2.2.1/pjsip/lib/libpjsua-x86_64-apple-darwin10.8.0.a"; sourceTree = "<group>"; };
		33E9A2F11967F857001FA1AD /* libsrtp-x86_64-apple-darwin10.8.0.a */ = {isa = PBXFileReference; lastKnownFileType = archive.ar; name = "libsrtp-x86_64-apple-darwin10.8.0.a"; path = "../pjproject-2.2.1/third_party/lib/libsrtp-x86_64-apple-darwin10.8.0.a"; sourceTree = "<group>"; };
		33E9A2F21967F857001FA1AD /* libpjsdp-x86_64-apple-darwin10.8.0.a */ = {isa = PBXFileReference; lastKnownFileType = archive.ar; name = "libpjsdp-x86_64-apple-darwin10.8.0.a"; path = "../pjproject-2.2.1/pjmedia/lib/libpjsdp-x86_64-apple-darwin10.8.0.a"; sourceTree = "<group>"; };
		33E9A2F31967F857001FA1AD /* libpjsip-x86_64-apple-darwin10.8.0.a */ = {isa = PBXFileReference; lastKnownFileType = archive.ar; name = "libpjsip-x86_64-apple-darwin10.8.0.a"; path = "../pjproject-2.2.1/pjsip/lib/libpjsip-x86_64-apple-darwin10.8.0.a"; sourceTree = "<group>"; };
		33E9A2F41967F857001FA1AD /* libresample-x86_64-apple-darwin10.8.0.a */ = {isa = PBXFileReference; lastKnownFileType = archive.ar; name = "libresample-x86_64-apple-darwin10.8.0.a"; path = "../pjproject-2.2.1/third_party/lib/libresample-x86_64-apple-darwin10.8.0.a"; sourceTree = "<group>"; };
		33E9A2F51967F857001FA1AD /* libportaudio-x86_64-apple-darwin10.8.0.a */ = {isa = PBXFileReference; lastKnownFileType = archive.ar; name = "libportaudio-x86_64-apple-darwin10.8.0.a"; path = "../pjproject-2.2.1/third_party/lib/libportaudio-x86_64-apple-darwin10.8.0.a"; sourceTree = "<group>"; };
		33E9A2F61967F857001FA1AD /* libpjnath-x86_64-apple-darwin10.8.0.a */ = {isa = PBXFileReference; lastKnownFileType = archive.ar; name = "libpjnath-x86_64-apple-darwin10.8.0.a"; path = "../pjproject-2.2.1/pjnath/lib/libpjnath-x86_64-apple-darwin10.8.0.a"; sourceTree = "<group>"; };
		33E9A2F71967F857001FA1AD /* libpjmedia-audiodev-x86_64-apple-darwin10.8.0.a */ = {isa = PBXFileReference; lastKnownFileType = archive.ar; name = "libpjmedia-audiodev-x86_64-apple-darwin10.8.0.a"; path = "../pjproject-2.2.1/pjmedia/lib/libpjmedia-audiodev-x86_64-apple-darwin10.8.0.a"; sourceTree = "<group>"; };
		33E9A2F81967F857001FA1AD /* libspeex-x86_64-apple-darwin10.8.0.a */ = {isa = PBXFileReference; lastKnownFileType = archive.ar; name = "libspeex-x86_64-apple-darwin10.8.0.a"; path = "../pjproject-2.2.1/third_party/lib/libspeex-x86_64-apple-darwin10.8.0.a"; sourceTree = "<group>"; };
		33E9A2F91967F857001FA1AD /* libpjsua2-x86_64-apple-darwin10.8.0.a */ = {isa = PBXFileReference; lastKnownFileType = archive.ar; name = "libpjsua2-x86_64-apple-darwin10.8.0.a"; path = "../pjproject-2.2.1/pjsip/lib/libpjsua2-x86_64-apple-darwin10.8.0.a"; sourceTree = "<group>"; };
		33E9A2FA1967F857001FA1AD /* libpjmedia-videodev-x86_64-apple-darwin10.8.0.a */ = {isa = PBXFileReference; lastKnownFileType = archive.ar; name = "libpjmedia-videodev-x86_64-apple-darwin10.8.0.a"; path = "../pjproject-2.2.1/pjmedia/lib/libpjmedia-videodev-x86_64-apple-darwin10.8.0.a"; sourceTree = "<group>"; };
		33E9A2FB1967F857001FA1AD /* libpjlib-util-x86_64-apple-darwin10.8.0.a */ = {isa = PBXFileReference; lastKnownFileType = archive.ar; name = "libpjlib-util-x86_64-apple-darwin10.8.0.a"; path = "../pjproject-2.2.1/pjlib-util/lib/libpjlib-util-x86_64-apple-darwin10.8.0.a"; sourceTree = "<group>"; };
		33E9A2FC1967F857001FA1AD /* libgsmcodec-x86_64-apple-darwin10.8.0.a */ = {isa = PBXFileReference; lastKnownFileType = archive.ar; name = "libgsmcodec-x86_64-apple-darwin10.8.0.a"; path = "../pjproject-2.2.1/third_party/lib/libgsmcodec-x86_64-apple-darwin10.8.0.a"; sourceTree = "<group>"; };
		33E9A2FD1967F857001FA1AD /* libpjmedia-codec-x86_64-apple-darwin10.8.0.a */ = {isa = PBXFileReference; lastKnownFileType = archive.ar; name = "libpjmedia-codec-x86_64-apple-darwin10.8.0.a"; path = "../pjproject-2.2.1/pjmedia/lib/libpjmedia-codec-x86_64-apple-darwin10.8.0.a"; sourceTree = "<group>"; };
		33E9A2FE1967F857001FA1AD /* libpjmedia-x86_64-apple-darwin10.8.0.a */ = {isa = PBXFileReference; lastKnownFileType = archive.ar; name = "libpjmedia-x86_64-apple-darwin10.8.0.a"; path = "../pjproject-2.2.1/pjmedia/lib/libpjmedia-x86_64-apple-darwin10.8.0.a"; sourceTree = "<group>"; };
		33E9A2FF1967F857001FA1AD /* libilbccodec-x86_64-apple-darwin10.8.0.a */ = {isa = PBXFileReference; lastKnownFileType = archive.ar; name = "libilbccodec-x86_64-apple-darwin10.8.0.a"; path = "../pjproject-2.2.1/third_party/lib/libilbccodec-x86_64-apple-darwin10.8.0.a"; sourceTree = "<group>"; };
		33E9A3141967F970001FA1AD /* AudioToolbox.framework */ = {isa = PBXFileReference; lastKnownFileType = wrapper.framework; name = AudioToolbox.framework; path = System/Library/Frameworks/AudioToolbox.framework; sourceTree = SDKROOT; };
		33E9A3161967F9A7001FA1AD /* AudioUnit.framework */ = {isa = PBXFileReference; lastKnownFileType = wrapper.framework; name = AudioUnit.framework; path = System/Library/Frameworks/AudioUnit.framework; sourceTree = SDKROOT; };
		33E9A3181967F9CD001FA1AD /* CoreAudio.framework */ = {isa = PBXFileReference; lastKnownFileType = wrapper.framework; name = CoreAudio.framework; path = System/Library/Frameworks/CoreAudio.framework; sourceTree = SDKROOT; };
/* End PBXFileReference section */

/* Begin PBXFrameworksBuildPhase section */
		33B159CE1967E09D0067C44D /* Frameworks */ = {
			isa = PBXFrameworksBuildPhase;
			buildActionMask = 2147483647;
			files = (
				33E9A3191967F9CD001FA1AD /* CoreAudio.framework in Frameworks */,
				33E9A3171967F9A7001FA1AD /* AudioUnit.framework in Frameworks */,
				33E9A3151967F971001FA1AD /* AudioToolbox.framework in Frameworks */,
				33E9A2EB1967EE3B001FA1AD /* CoreWLAN.framework in Frameworks */,
				33E9A2E91967ED7E001FA1AD /* SystemConfiguration.framework in Frameworks */,
				33E9A2E31967E7C5001FA1AD /* libqaul.a in Frameworks */,
				33E9A2DE1967E1B2001FA1AD /* WebKit.framework in Frameworks */,
				33B159D61967E09D0067C44D /* Cocoa.framework in Frameworks */,
				33E9A3001967F857001FA1AD /* libpj-x86_64-apple-darwin10.8.0.a in Frameworks */,
				33E9A3011967F857001FA1AD /* libpjsip-ua-x86_64-apple-darwin10.8.0.a in Frameworks */,
				33E9A3021967F857001FA1AD /* libg7221codec-x86_64-apple-darwin10.8.0.a in Frameworks */,
				33E9A3031967F857001FA1AD /* libpjsip-simple-x86_64-apple-darwin10.8.0.a in Frameworks */,
				33E9A3041967F857001FA1AD /* libpjsua-x86_64-apple-darwin10.8.0.a in Frameworks */,
				33E9A3051967F857001FA1AD /* libsrtp-x86_64-apple-darwin10.8.0.a in Frameworks */,
				33E9A3061967F857001FA1AD /* libpjsdp-x86_64-apple-darwin10.8.0.a in Frameworks */,
				33E9A3071967F857001FA1AD /* libpjsip-x86_64-apple-darwin10.8.0.a in Frameworks */,
				33E9A3081967F857001FA1AD /* libresample-x86_64-apple-darwin10.8.0.a in Frameworks */,
				33E9A3091967F857001FA1AD /* libportaudio-x86_64-apple-darwin10.8.0.a in Frameworks */,
				33E9A30A1967F857001FA1AD /* libpjnath-x86_64-apple-darwin10.8.0.a in Frameworks */,
				33E9A30B1967F857001FA1AD /* libpjmedia-audiodev-x86_64-apple-darwin10.8.0.a in Frameworks */,
				33E9A30C1967F857001FA1AD /* libspeex-x86_64-apple-darwin10.8.0.a in Frameworks */,
				33E9A30D1967F857001FA1AD /* libpjsua2-x86_64-apple-darwin10.8.0.a in Frameworks */,
				33E9A30E1967F858001FA1AD /* libpjmedia-videodev-x86_64-apple-darwin10.8.0.a in Frameworks */,
				33E9A30F1967F858001FA1AD /* libpjlib-util-x86_64-apple-darwin10.8.0.a in Frameworks */,
				33E9A3101967F858001FA1AD /* libgsmcodec-x86_64-apple-darwin10.8.0.a in Frameworks */,
				33E9A3111967F858001FA1AD /* libpjmedia-codec-x86_64-apple-darwin10.8.0.a in Frameworks */,
				33E9A3121967F858001FA1AD /* libpjmedia-x86_64-apple-darwin10.8.0.a in Frameworks */,
				33E9A3131967F858001FA1AD /* libilbccodec-x86_64-apple-darwin10.8.0.a in Frameworks */,
			);
			runOnlyForDeploymentPostprocessing = 0;
		};
/* End PBXFrameworksBuildPhase section */

/* Begin PBXGroup section */
		33B159C61967E09D0067C44D = {
			isa = PBXGroup;
			children = (
				33B159DB1967E09D0067C44D /* qaul */,
				33E9A2DF1967E6CF001FA1AD /* Resources */,
				33B159D41967E09D0067C44D /* Frameworks */,
				33B159D21967E09D0067C44D /* Products */,
			);
			sourceTree = "<group>";
		};
		33B159D21967E09D0067C44D /* Products */ = {
			isa = PBXGroup;
			children = (
				33B159D11967E09D0067C44D /* qaul.app */,
			);
			name = Products;
			sourceTree = "<group>";
		};
		33B159D41967E09D0067C44D /* Frameworks */ = {
			isa = PBXGroup;
			children = (
				33E9A3181967F9CD001FA1AD /* CoreAudio.framework */,
				33E9A3161967F9A7001FA1AD /* AudioUnit.framework */,
				33E9A3141967F970001FA1AD /* AudioToolbox.framework */,
				33E9A2EC1967F857001FA1AD /* libpj-x86_64-apple-darwin10.8.0.a */,
				33E9A2ED1967F857001FA1AD /* libpjsip-ua-x86_64-apple-darwin10.8.0.a */,
				33E9A2EE1967F857001FA1AD /* libg7221codec-x86_64-apple-darwin10.8.0.a */,
				33E9A2EF1967F857001FA1AD /* libpjsip-simple-x86_64-apple-darwin10.8.0.a */,
				33E9A2F01967F857001FA1AD /* libpjsua-x86_64-apple-darwin10.8.0.a */,
				33E9A2F11967F857001FA1AD /* libsrtp-x86_64-apple-darwin10.8.0.a */,
				33E9A2F21967F857001FA1AD /* libpjsdp-x86_64-apple-darwin10.8.0.a */,
				33E9A2F31967F857001FA1AD /* libpjsip-x86_64-apple-darwin10.8.0.a */,
				33E9A2F41967F857001FA1AD /* libresample-x86_64-apple-darwin10.8.0.a */,
				33E9A2F51967F857001FA1AD /* libportaudio-x86_64-apple-darwin10.8.0.a */,
				33E9A2F61967F857001FA1AD /* libpjnath-x86_64-apple-darwin10.8.0.a */,
				33E9A2F71967F857001FA1AD /* libpjmedia-audiodev-x86_64-apple-darwin10.8.0.a */,
				33E9A2F81967F857001FA1AD /* libspeex-x86_64-apple-darwin10.8.0.a */,
				33E9A2F91967F857001FA1AD /* libpjsua2-x86_64-apple-darwin10.8.0.a */,
				33E9A2FA1967F857001FA1AD /* libpjmedia-videodev-x86_64-apple-darwin10.8.0.a */,
				33E9A2FB1967F857001FA1AD /* libpjlib-util-x86_64-apple-darwin10.8.0.a */,
				33E9A2FC1967F857001FA1AD /* libgsmcodec-x86_64-apple-darwin10.8.0.a */,
				33E9A2FD1967F857001FA1AD /* libpjmedia-codec-x86_64-apple-darwin10.8.0.a */,
				33E9A2FE1967F857001FA1AD /* libpjmedia-x86_64-apple-darwin10.8.0.a */,
				33E9A2FF1967F857001FA1AD /* libilbccodec-x86_64-apple-darwin10.8.0.a */,
				33E9A2EA1967EE3B001FA1AD /* CoreWLAN.framework */,
				33E9A2E41967E7E3001FA1AD /* qaullib.h */,
				33E9A2E21967E7C5001FA1AD /* libqaul.a */,
				33E9A2E81967ED7D001FA1AD /* SystemConfiguration.framework */,
				33E9A2DD1967E1B2001FA1AD /* WebKit.framework */,
				33B159D51967E09D0067C44D /* Cocoa.framework */,
				33B159D71967E09D0067C44D /* Other Frameworks */,
			);
			name = Frameworks;
			sourceTree = "<group>";
		};
		33B159D71967E09D0067C44D /* Other Frameworks */ = {
			isa = PBXGroup;
			children = (
				33B159D81967E09D0067C44D /* AppKit.framework */,
				33B159D91967E09D0067C44D /* CoreData.framework */,
				33B159DA1967E09D0067C44D /* Foundation.framework */,
			);
			name = "Other Frameworks";
			sourceTree = "<group>";
		};
		33B159DB1967E09D0067C44D /* qaul */ = {
			isa = PBXGroup;
			children = (
				33B159E71967E09D0067C44D /* AppDelegate.h */,
				33B159E81967E09D0067C44D /* AppDelegate.m */,
				33B159EA1967E09D0067C44D /* MainMenu.xib */,
				33E9A2E51967E963001FA1AD /* QaulConfigWifi.h */,
				33E9A2E61967E963001FA1AD /* QaulConfigWifi.m */,
				33B159DC1967E09D0067C44D /* Supporting Files */,
			);
			path = qaul;
			sourceTree = "<group>";
		};
		33B159DC1967E09D0067C44D /* Supporting Files */ = {
			isa = PBXGroup;
			children = (
				33B159DD1967E09D0067C44D /* qaul-Info.plist */,
				33B159DE1967E09D0067C44D /* InfoPlist.strings */,
				33B159E11967E09D0067C44D /* main.m */,
				33B159E31967E09D0067C44D /* qaul-Prefix.pch */,
			);
			name = "Supporting Files";
			sourceTree = "<group>";
		};
		33E9A2DF1967E6CF001FA1AD /* Resources */ = {
			isa = PBXGroup;
			children = (
				33E9A2E01967E707001FA1AD /* www */,
				33E9A2DA1967E1A3001FA1AD /* qaul.icns */,
			);
			name = Resources;
			sourceTree = "<group>";
		};
/* End PBXGroup section */

/* Begin PBXNativeTarget section */
		33B159D01967E09D0067C44D /* qaul */ = {
			isa = PBXNativeTarget;
			buildConfigurationList = 33B159EF1967E09D0067C44D /* Build configuration list for PBXNativeTarget "qaul" */;
			buildPhases = (
				33B159CD1967E09D0067C44D /* Sources */,
				33B159CE1967E09D0067C44D /* Frameworks */,
				33B159CF1967E09D0067C44D /* Resources */,
			);
			buildRules = (
			);
			dependencies = (
			);
			name = qaul;
			productName = qaul;
			productReference = 33B159D11967E09D0067C44D /* qaul.app */;
			productType = "com.apple.product-type.application";
		};
/* End PBXNativeTarget section */

/* Begin PBXProject section */
		33B159C81967E09D0067C44D /* Project object */ = {
			isa = PBXProject;
			attributes = {
				LastUpgradeCheck = 0420;
			};
			buildConfigurationList = 33B159CB1967E09D0067C44D /* Build configuration list for PBXProject "qaul" */;
			compatibilityVersion = "Xcode 3.2";
			developmentRegion = English;
			hasScannedForEncodings = 0;
			knownRegions = (
				en,
			);
			mainGroup = 33B159C61967E09D0067C44D;
			productRefGroup = 33B159D21967E09D0067C44D /* Products */;
			projectDirPath = "";
			projectRoot = "";
			targets = (
				33B159D01967E09D0067C44D /* qaul */,
			);
		};
/* End PBXProject section */

/* Begin PBXResourcesBuildPhase section */
		33B159CF1967E09D0067C44D /* Resources */ = {
			isa = PBXResourcesBuildPhase;
			buildActionMask = 2147483647;
			files = (
				33B159E01967E09D0067C44D /* InfoPlist.strings in Resources */,
				33B159EC1967E09D0067C44D /* MainMenu.xib in Resources */,
				33E9A2DB1967E1A3001FA1AD /* qaul.icns in Resources */,
				33E9A2E11967E707001FA1AD /* www in Resources */,
			);
			runOnlyForDeploymentPostprocessing = 0;
		};
/* End PBXResourcesBuildPhase section */

/* Begin PBXSourcesBuildPhase section */
		33B159CD1967E09D0067C44D /* Sources */ = {
			isa = PBXSourcesBuildPhase;
			buildActionMask = 2147483647;
			files = (
				33B159E21967E09D0067C44D /* main.m in Sources */,
				33B159E91967E09D0067C44D /* AppDelegate.m in Sources */,
				33E9A2E71967E963001FA1AD /* QaulConfigWifi.m in Sources */,
			);
			runOnlyForDeploymentPostprocessing = 0;
		};
/* End PBXSourcesBuildPhase section */

/* Begin PBXVariantGroup section */
		33B159DE1967E09D0067C44D /* InfoPlist.strings */ = {
			isa = PBXVariantGroup;
			children = (
				33B159DF1967E09D0067C44D /* en */,
			);
			name = InfoPlist.strings;
			sourceTree = "<group>";
		};
		33B159EA1967E09D0067C44D /* MainMenu.xib */ = {
			isa = PBXVariantGroup;
			children = (
				33B159EB1967E09D0067C44D /* en */,
			);
			name = MainMenu.xib;
			sourceTree = "<group>";
		};
/* End PBXVariantGroup section */

/* Begin XCBuildConfiguration section */
		33B159ED1967E09D0067C44D /* Debug */ = {
			isa = XCBuildConfiguration;
			buildSettings = {
				ALWAYS_SEARCH_USER_PATHS = NO;
				ARCHS = "$(ARCHS_STANDARD_64_BIT)";
				COPY_PHASE_STRIP = NO;
				GCC_C_LANGUAGE_STANDARD = gnu99;
				GCC_DYNAMIC_NO_PIC = NO;
				GCC_ENABLE_OBJC_EXCEPTIONS = YES;
				GCC_OPTIMIZATION_LEVEL = 0;
				GCC_PREPROCESSOR_DEFINITIONS = (
					"DEBUG=1",
					"$(inherited)",
				);
				GCC_SYMBOLS_PRIVATE_EXTERN = NO;
				GCC_VERSION = com.apple.compilers.llvm.clang.1_0;
				GCC_WARN_64_TO_32_BIT_CONVERSION = YES;
				GCC_WARN_ABOUT_MISSING_PROTOTYPES = YES;
				GCC_WARN_ABOUT_RETURN_TYPE = YES;
				GCC_WARN_UNUSED_VARIABLE = YES;
				MACOSX_DEPLOYMENT_TARGET = 10.6;
				ONLY_ACTIVE_ARCH = YES;
				SDKROOT = macosx;
			};
			name = Debug;
		};
		33B159EE1967E09D0067C44D /* Release */ = {
			isa = XCBuildConfiguration;
			buildSettings = {
				ALWAYS_SEARCH_USER_PATHS = NO;
				ARCHS = "$(ARCHS_STANDARD_64_BIT)";
				COPY_PHASE_STRIP = YES;
				DEBUG_INFORMATION_FORMAT = "dwarf-with-dsym";
				GCC_C_LANGUAGE_STANDARD = gnu99;
				GCC_ENABLE_OBJC_EXCEPTIONS = YES;
				GCC_VERSION = com.apple.compilers.llvm.clang.1_0;
				GCC_WARN_64_TO_32_BIT_CONVERSION = YES;
				GCC_WARN_ABOUT_MISSING_PROTOTYPES = YES;
				GCC_WARN_ABOUT_RETURN_TYPE = YES;
				GCC_WARN_UNUSED_VARIABLE = YES;
				MACOSX_DEPLOYMENT_TARGET = 10.6;
				SDKROOT = macosx;
			};
			name = Release;
		};
		33B159F01967E09D0067C44D /* Debug */ = {
			isa = XCBuildConfiguration;
			buildSettings = {
				ARCHS = "$(ARCHS_STANDARD_32_BIT)";
				GCC_PRECOMPILE_PREFIX_HEADER = YES;
				GCC_PREFIX_HEADER = "qaul/qaul-Prefix.pch";
				INFOPLIST_FILE = "qaul/qaul-Info.plist";
				LIBRARY_SEARCH_PATHS = (
					"$(inherited)",
					"\"$(SRCROOT)/../libqaul\"",
					"\"$(SRCROOT)/../pjproject-2.2.1/pjlib/lib\"",
					"\"$(SRCROOT)/../pjproject-2.2.1/pjsip/lib\"",
					"\"$(SRCROOT)/../pjproject-2.2.1/third_party/lib\"",
					"\"$(SRCROOT)/../pjproject-2.2.1/pjmedia/lib\"",
					"\"$(SRCROOT)/../pjproject-2.2.1/pjnath/lib\"",
					"\"$(SRCROOT)/../pjproject-2.2.1/pjlib-util/lib\"",
				);
				PRODUCT_NAME = "$(TARGET_NAME)";
				WRAPPER_EXTENSION = app;
			};
			name = Debug;
		};
		33B159F11967E09D0067C44D /* Release */ = {
			isa = XCBuildConfiguration;
			buildSettings = {
				ARCHS = "$(ARCHS_STANDARD_32_BIT)";
				GCC_PRECOMPILE_PREFIX_HEADER = YES;
				GCC_PREFIX_HEADER = "qaul/qaul-Prefix.pch";
				INFOPLIST_FILE = "qaul/qaul-Info.plist";
				LIBRARY_SEARCH_PATHS = (
					"$(inherited)",
					"\"$(SRCROOT)/../libqaul\"",
					"\"$(SRCROOT)/../pjproject-2.2.1/pjlib/lib\"",
					"\"$(SRCROOT)/../pjproject-2.2.1/pjsip/lib\"",
					"\"$(SRCROOT)/../pjproject-2.2.1/third_party/lib\"",
					"\"$(SRCROOT)/../pjproject-2.2.1/pjmedia/lib\"",
					"\"$(SRCROOT)/../pjproject-2.2.1/pjnath/lib\"",
					"\"$(SRCROOT)/../pjproject-2.2.1/pjlib-util/lib\"",
				);
				PRODUCT_NAME = "$(TARGET_NAME)";
				WRAPPER_EXTENSION = app;
			};
			name = Release;
		};
/* End XCBuildConfiguration section */

/* Begin XCConfigurationList section */
		33B159CB1967E09D0067C44D /* Build configuration list for PBXProject "qaul" */ = {
			isa = XCConfigurationList;
			buildConfigurations = (
				33B159ED1967E09D0067C44D /* Debug */,
				33B159EE1967E09D0067C44D /* Release */,
			);
			defaultConfigurationIsVisible = 0;
			defaultConfigurationName = Release;
		};
		33B159EF1967E09D0067C44D /* Build configuration list for PBXNativeTarget "qaul" */ = {
			isa = XCConfigurationList;
			buildConfigurations = (
				33B159F01967E09D0067C44D /* Debug */,
				33B159F11967E09D0067C44D /* Release */,
			);
			defaultConfigurationIsVisible = 0;
			defaultConfigurationName = Release;
		};
/* End XCConfigurationList section */
	};
	rootObject = 33B159C81967E09D0067C44D /* Project object */;
}
