// !$*UTF8*$!
{
	archiveVersion = 1;
	classes = {
	};
	objectVersion = 46;
	objects = {

/* Begin PBXBuildFile section */
		1DDD58160DA1D0A300B32029 /* MainMenu.xib in Resources */ = {isa = PBXBuildFile; fileRef = 1DDD58140DA1D0A300B32029 /* MainMenu.xib */; };
		5F0BA3ED14C4CFC500A45FF2 /* CoreWLAN.framework in Frameworks */ = {isa = PBXBuildFile; fileRef = 5F0BA3EC14C4CFC500A45FF2 /* CoreWLAN.framework */; settings = {ATTRIBUTES = (Weak, ); }; };
		5F35ADA213392A16005CF683 /* qaul-application.gif in Resources */ = {isa = PBXBuildFile; fileRef = 5F35ADA113392A16005CF683 /* qaul-application.gif */; };
		5F35ADA913393C37005CF683 /* i-button_25.png in Resources */ = {isa = PBXBuildFile; fileRef = 5F35ADA813393C37005CF683 /* i-button_25.png */; };
		5F7A10ED13038D3400E86BB3 /* WindowController.mm in Sources */ = {isa = PBXBuildFile; fileRef = 5F7A10EC13038D3400E86BB3 /* WindowController.mm */; };
		5F7A114513053DB000E86BB3 /* drehen.gif in Resources */ = {isa = PBXBuildFile; fileRef = 5F7A114413053DB000E86BB3 /* drehen.gif */; };
		5F7A118B1305724D00E86BB3 /* libqaul.a in Frameworks */ = {isa = PBXBuildFile; fileRef = 5F7A117E1305724D00E86BB3 /* libqaul.a */; };
		5F8FA1D51322E629005FD408 /* QaulConfigWifi.mm in Sources */ = {isa = PBXBuildFile; fileRef = 5FED4E901322CFC800C2E6E0 /* QaulConfigWifi.mm */; };
		5F8FA36E13239A32005FD408 /* www in Resources */ = {isa = PBXBuildFile; fileRef = 5F8FA35613239A32005FD408 /* www */; };
		5F8FA37413239B18005FD408 /* olsrd in Resources */ = {isa = PBXBuildFile; fileRef = 5F8FA37313239B18005FD408 /* olsrd */; };
		5F8FA37613239B41005FD408 /* olsrd_qaul.so.0.1 in Resources */ = {isa = PBXBuildFile; fileRef = 5F8FA37513239B41005FD408 /* olsrd_qaul.so.0.1 */; };
		5F8FA37813239C59005FD408 /* olsrd_osx.conf in Resources */ = {isa = PBXBuildFile; fileRef = 5F8FA37713239C59005FD408 /* olsrd_osx.conf */; };
		5F8FA38E1323ADA2005FD408 /* olsrd_start.sh in Resources */ = {isa = PBXBuildFile; fileRef = 5F8FA38D1323ADA2005FD408 /* olsrd_start.sh */; };
		5FAE9B8E132D6D1A00E54A7D /* olsrd_stop.sh in Resources */ = {isa = PBXBuildFile; fileRef = 5FAE9B8D132D6D1A00E54A7D /* olsrd_stop.sh */; };
		5FC30C73131A6F9A0016E3FC /* WebKit.framework in Frameworks */ = {isa = PBXBuildFile; fileRef = 5FC30C72131A6F9A0016E3FC /* WebKit.framework */; };
		5FC30D2A131A76420016E3FC /* sign.png in Resources */ = {isa = PBXBuildFile; fileRef = 5FC30D29131A76420016E3FC /* sign.png */; };
		5FD3AA3C131D5118004A5AEA /* Security.framework in Frameworks */ = {isa = PBXBuildFile; fileRef = 5FD3AA3B131D5118004A5AEA /* Security.framework */; };
		5FE1B4AD158BB1C300C1470C /* socat in Resources */ = {isa = PBXBuildFile; fileRef = 5FE1B4AC158BB1C300C1470C /* socat */; };
		5FE1B4B6158BE18C00C1470C /* socat_start.sh in Resources */ = {isa = PBXBuildFile; fileRef = 5FE1B4B5158BE18C00C1470C /* socat_start.sh */; };
		5FE583D7133518B5005B46FA /* qaul.icns in Resources */ = {isa = PBXBuildFile; fileRef = 5FE583D6133518B5005B46FA /* qaul.icns */; };
		5FED4DEB1322988C00C2E6E0 /* QaulView.m in Sources */ = {isa = PBXBuildFile; fileRef = 5FED4DEA1322988C00C2E6E0 /* QaulView.m */; };
		5FED4E951322D0BA00C2E6E0 /* SystemConfiguration.framework in Frameworks */ = {isa = PBXBuildFile; fileRef = 5FED4E941322D0BA00C2E6E0 /* SystemConfiguration.framework */; };
		5FED4EA91322E1B300C2E6E0 /* CoreFoundation.framework in Frameworks */ = {isa = PBXBuildFile; fileRef = 5FED4EA81322E1B300C2E6E0 /* CoreFoundation.framework */; };
		5FED4EAC1322E1CD00C2E6E0 /* SecurityFoundation.framework in Frameworks */ = {isa = PBXBuildFile; fileRef = 5FED4EAB1322E1CD00C2E6E0 /* SecurityFoundation.framework */; };
		5FED502E1322E4D900C2E6E0 /* AppKit.framework in Frameworks */ = {isa = PBXBuildFile; fileRef = 29B97324FDCFA39411CA2CEA /* AppKit.framework */; };
		5FED502F1322E4D900C2E6E0 /* CoreData.framework in Frameworks */ = {isa = PBXBuildFile; fileRef = 13E42FB307B3F0F600E4EEF1 /* CoreData.framework */; };
		5FED50301322E4D900C2E6E0 /* Foundation.framework in Frameworks */ = {isa = PBXBuildFile; fileRef = 29B97325FDCFA39411CA2CEA /* Foundation.framework */; };
		8D11072B0486CEB800E47090 /* InfoPlist.strings in Resources */ = {isa = PBXBuildFile; fileRef = 089C165CFE840E0CC02AAC07 /* InfoPlist.strings */; };
		8D11072D0486CEB800E47090 /* main.mm in Sources */ = {isa = PBXBuildFile; fileRef = 29B97316FDCFA39411CA2CEA /* main.mm */; settings = {ATTRIBUTES = (); }; };
		8D11072F0486CEB800E47090 /* Cocoa.framework in Frameworks */ = {isa = PBXBuildFile; fileRef = 1058C7A1FEA54F0111CA2CBB /* Cocoa.framework */; };
/* End PBXBuildFile section */

/* Begin PBXCopyFilesBuildPhase section */
		5F902FB61306E253008882E4 /* CopyFiles */ = {
			isa = PBXCopyFilesBuildPhase;
			buildActionMask = 12;
			comments = "static browser-files mongoose\n";
			dstPath = www;
			dstSubfolderSpec = 7;
			files = (
			);
			runOnlyForDeploymentPostprocessing = 0;
		};
/* End PBXCopyFilesBuildPhase section */

/* Begin PBXFileReference section */
		089C165DFE840E0CC02AAC07 /* English */ = {isa = PBXFileReference; fileEncoding = 10; lastKnownFileType = text.plist.strings; name = English; path = English.lproj/InfoPlist.strings; sourceTree = "<group>"; };
		1058C7A1FEA54F0111CA2CBB /* Cocoa.framework */ = {isa = PBXFileReference; lastKnownFileType = wrapper.framework; name = Cocoa.framework; path = /System/Library/Frameworks/Cocoa.framework; sourceTree = "<absolute>"; };
		13E42FB307B3F0F600E4EEF1 /* CoreData.framework */ = {isa = PBXFileReference; lastKnownFileType = wrapper.framework; name = CoreData.framework; path = /System/Library/Frameworks/CoreData.framework; sourceTree = "<absolute>"; };
		1DDD58150DA1D0A300B32029 /* English */ = {isa = PBXFileReference; lastKnownFileType = file.xib; name = English; path = English.lproj/MainMenu.xib; sourceTree = "<group>"; };
		29B97316FDCFA39411CA2CEA /* main.mm */ = {isa = PBXFileReference; fileEncoding = 4; lastKnownFileType = sourcecode.cpp.objcpp; path = main.mm; sourceTree = "<group>"; };
		29B97324FDCFA39411CA2CEA /* AppKit.framework */ = {isa = PBXFileReference; lastKnownFileType = wrapper.framework; name = AppKit.framework; path = /System/Library/Frameworks/AppKit.framework; sourceTree = "<absolute>"; };
		29B97325FDCFA39411CA2CEA /* Foundation.framework */ = {isa = PBXFileReference; lastKnownFileType = wrapper.framework; name = Foundation.framework; path = /System/Library/Frameworks/Foundation.framework; sourceTree = "<absolute>"; };
		32CA4F630368D1EE00C91783 /* qaul_Prefix.pch */ = {isa = PBXFileReference; fileEncoding = 4; lastKnownFileType = sourcecode.c.h; path = qaul_Prefix.pch; sourceTree = "<group>"; };
		5F0BA3EC14C4CFC500A45FF2 /* CoreWLAN.framework */ = {isa = PBXFileReference; explicitFileType = wrapper.framework; name = CoreWLAN.framework; path = System/Library/Frameworks/CoreWLAN.framework; sourceTree = SDKROOT; };
		5F35ADA113392A16005CF683 /* qaul-application.gif */ = {isa = PBXFileReference; lastKnownFileType = image.gif; path = "qaul-application.gif"; sourceTree = "<group>"; };
		5F35ADA813393C37005CF683 /* i-button_25.png */ = {isa = PBXFileReference; lastKnownFileType = image.png; path = "i-button_25.png"; sourceTree = "<group>"; };
		5F7A10EB13038D3400E86BB3 /* WindowController.h */ = {isa = PBXFileReference; fileEncoding = 4; lastKnownFileType = sourcecode.c.h; path = WindowController.h; sourceTree = "<group>"; };
		5F7A10EC13038D3400E86BB3 /* WindowController.mm */ = {isa = PBXFileReference; fileEncoding = 4; lastKnownFileType = sourcecode.cpp.objcpp; path = WindowController.mm; sourceTree = "<group>"; };
		5F7A114413053DB000E86BB3 /* drehen.gif */ = {isa = PBXFileReference; lastKnownFileType = image.gif; name = drehen.gif; path = ../images/drehen.gif; sourceTree = SOURCE_ROOT; };
		5F7A117E1305724D00E86BB3 /* libqaul.a */ = {isa = PBXFileReference; lastKnownFileType = archive.ar; path = libqaul.a; sourceTree = "<group>"; };
		5F7A11841305724D00E86BB3 /* qaullib.h */ = {isa = PBXFileReference; fileEncoding = 4; lastKnownFileType = sourcecode.c.h; name = qaullib.h; path = ../libqaul/qaullib.h; sourceTree = SOURCE_ROOT; };
		5F8FA35613239A32005FD408 /* www */ = {isa = PBXFileReference; lastKnownFileType = folder; name = www; path = ../www; sourceTree = SOURCE_ROOT; };
		5F8FA37313239B18005FD408 /* olsrd */ = {isa = PBXFileReference; lastKnownFileType = "compiled.mach-o.executable"; name = olsrd; path = "../olsrd-0.6.0/olsrd"; sourceTree = SOURCE_ROOT; };
		5F8FA37513239B41005FD408 /* olsrd_qaul.so.0.1 */ = {isa = PBXFileReference; fileEncoding = 4; lastKnownFileType = text.man; name = olsrd_qaul.so.0.1; path = "../olsrd-0.6.0/lib/olsrd_qaul/olsrd_qaul.so.0.1"; sourceTree = SOURCE_ROOT; };
		5F8FA37713239C59005FD408 /* olsrd_osx.conf */ = {isa = PBXFileReference; fileEncoding = 4; lastKnownFileType = text; name = olsrd_osx.conf; path = "../olsrd-0.6.0/olsrd_osx.conf"; sourceTree = SOURCE_ROOT; };
		5F8FA38D1323ADA2005FD408 /* olsrd_start.sh */ = {isa = PBXFileReference; fileEncoding = 4; lastKnownFileType = text.script.sh; path = olsrd_start.sh; sourceTree = "<group>"; };
		5FAE9B8D132D6D1A00E54A7D /* olsrd_stop.sh */ = {isa = PBXFileReference; fileEncoding = 4; lastKnownFileType = text.script.sh; path = olsrd_stop.sh; sourceTree = "<group>"; };
		5FC30C72131A6F9A0016E3FC /* WebKit.framework */ = {isa = PBXFileReference; lastKnownFileType = wrapper.framework; name = WebKit.framework; path = /System/Library/Frameworks/WebKit.framework; sourceTree = "<absolute>"; };
		5FC30D29131A76420016E3FC /* sign.png */ = {isa = PBXFileReference; lastKnownFileType = image.png; path = sign.png; sourceTree = "<group>"; };
		5FD3AA3B131D5118004A5AEA /* Security.framework */ = {isa = PBXFileReference; lastKnownFileType = wrapper.framework; name = Security.framework; path = /System/Library/Frameworks/Security.framework; sourceTree = "<absolute>"; };
		5FE1B4AC158BB1C300C1470C /* socat */ = {isa = PBXFileReference; lastKnownFileType = "compiled.mach-o.executable"; path = socat; sourceTree = "<group>"; };
		5FE1B4B5158BE18C00C1470C /* socat_start.sh */ = {isa = PBXFileReference; fileEncoding = 4; lastKnownFileType = text.script.sh; path = socat_start.sh; sourceTree = "<group>"; };
		5FE583D6133518B5005B46FA /* qaul.icns */ = {isa = PBXFileReference; lastKnownFileType = image.icns; path = qaul.icns; sourceTree = "<group>"; };
		5FED4DE91322988C00C2E6E0 /* QaulView.h */ = {isa = PBXFileReference; fileEncoding = 4; lastKnownFileType = sourcecode.c.h; path = QaulView.h; sourceTree = "<group>"; };
		5FED4DEA1322988C00C2E6E0 /* QaulView.m */ = {isa = PBXFileReference; fileEncoding = 4; lastKnownFileType = sourcecode.c.objc; path = QaulView.m; sourceTree = "<group>"; };
		5FED4E8F1322CFC800C2E6E0 /* QaulConfigWifi.h */ = {isa = PBXFileReference; fileEncoding = 4; lastKnownFileType = sourcecode.c.h; path = QaulConfigWifi.h; sourceTree = "<group>"; };
		5FED4E901322CFC800C2E6E0 /* QaulConfigWifi.mm */ = {isa = PBXFileReference; fileEncoding = 4; lastKnownFileType = sourcecode.cpp.objcpp; path = QaulConfigWifi.mm; sourceTree = "<group>"; };
		5FED4E941322D0BA00C2E6E0 /* SystemConfiguration.framework */ = {isa = PBXFileReference; lastKnownFileType = wrapper.framework; name = SystemConfiguration.framework; path = /System/Library/Frameworks/SystemConfiguration.framework; sourceTree = "<absolute>"; };
		5FED4EA81322E1B300C2E6E0 /* CoreFoundation.framework */ = {isa = PBXFileReference; lastKnownFileType = wrapper.framework; name = CoreFoundation.framework; path = /System/Library/Frameworks/CoreFoundation.framework; sourceTree = "<absolute>"; };
		5FED4EAB1322E1CD00C2E6E0 /* SecurityFoundation.framework */ = {isa = PBXFileReference; lastKnownFileType = wrapper.framework; name = SecurityFoundation.framework; path = /System/Library/Frameworks/SecurityFoundation.framework; sourceTree = "<absolute>"; };
		8D1107310486CEB800E47090 /* Info.plist */ = {isa = PBXFileReference; fileEncoding = 4; lastKnownFileType = text.plist.xml; path = Info.plist; sourceTree = "<group>"; };
		8D1107320486CEB800E47090 /* qaul.app */ = {isa = PBXFileReference; explicitFileType = wrapper.application; includeInIndex = 0; path = qaul.app; sourceTree = BUILT_PRODUCTS_DIR; };
/* End PBXFileReference section */

/* Begin PBXFrameworksBuildPhase section */
		8D11072E0486CEB800E47090 /* Frameworks */ = {
			isa = PBXFrameworksBuildPhase;
			buildActionMask = 2147483647;
			files = (
				5FED502E1322E4D900C2E6E0 /* AppKit.framework in Frameworks */,
				5FED502F1322E4D900C2E6E0 /* CoreData.framework in Frameworks */,
				5FED50301322E4D900C2E6E0 /* Foundation.framework in Frameworks */,
				8D11072F0486CEB800E47090 /* Cocoa.framework in Frameworks */,
				5F7A118B1305724D00E86BB3 /* libqaul.a in Frameworks */,
				5FC30C73131A6F9A0016E3FC /* WebKit.framework in Frameworks */,
				5FD3AA3C131D5118004A5AEA /* Security.framework in Frameworks */,
				5FED4E951322D0BA00C2E6E0 /* SystemConfiguration.framework in Frameworks */,
				5FED4EA91322E1B300C2E6E0 /* CoreFoundation.framework in Frameworks */,
				5FED4EAC1322E1CD00C2E6E0 /* SecurityFoundation.framework in Frameworks */,
				5F0BA3ED14C4CFC500A45FF2 /* CoreWLAN.framework in Frameworks */,
			);
			runOnlyForDeploymentPostprocessing = 0;
		};
/* End PBXFrameworksBuildPhase section */

/* Begin PBXGroup section */
		080E96DDFE201D6D7F000001 /* Classes */ = {
			isa = PBXGroup;
			children = (
				5F7A10EB13038D3400E86BB3 /* WindowController.h */,
				5F7A10EC13038D3400E86BB3 /* WindowController.mm */,
				5FED4DE91322988C00C2E6E0 /* QaulView.h */,
				5FED4DEA1322988C00C2E6E0 /* QaulView.m */,
				5FED4E8F1322CFC800C2E6E0 /* QaulConfigWifi.h */,
				5FED4E901322CFC800C2E6E0 /* QaulConfigWifi.mm */,
			);
			name = Classes;
			sourceTree = "<group>";
		};
		1058C7A0FEA54F0111CA2CBB /* Linked Frameworks */ = {
			isa = PBXGroup;
			children = (
				5FED4EAB1322E1CD00C2E6E0 /* SecurityFoundation.framework */,
				5FED4EA81322E1B300C2E6E0 /* CoreFoundation.framework */,
				5FED4E941322D0BA00C2E6E0 /* SystemConfiguration.framework */,
				5FD3AA3B131D5118004A5AEA /* Security.framework */,
				5FC30C72131A6F9A0016E3FC /* WebKit.framework */,
				29B97324FDCFA39411CA2CEA /* AppKit.framework */,
				13E42FB307B3F0F600E4EEF1 /* CoreData.framework */,
				29B97325FDCFA39411CA2CEA /* Foundation.framework */,
				1058C7A1FEA54F0111CA2CBB /* Cocoa.framework */,
				5F0BA3EC14C4CFC500A45FF2 /* CoreWLAN.framework */,
			);
			name = "Linked Frameworks";
			sourceTree = "<group>";
		};
		1058C7A2FEA54F0111CA2CBB /* Other Frameworks */ = {
			isa = PBXGroup;
			children = (
			);
			name = "Other Frameworks";
			sourceTree = "<group>";
		};
		19C28FACFE9D520D11CA2CBB /* Products */ = {
			isa = PBXGroup;
			children = (
				8D1107320486CEB800E47090 /* qaul.app */,
			);
			name = Products;
			sourceTree = "<group>";
		};
		29B97314FDCFA39411CA2CEA /* qaul */ = {
			isa = PBXGroup;
			children = (
				080E96DDFE201D6D7F000001 /* Classes */,
				29B97315FDCFA39411CA2CEA /* Other Sources */,
				29B97317FDCFA39411CA2CEA /* Resources */,
				29B97323FDCFA39411CA2CEA /* Frameworks */,
				19C28FACFE9D520D11CA2CBB /* Products */,
			);
			name = qaul;
			sourceTree = "<group>";
		};
		29B97315FDCFA39411CA2CEA /* Other Sources */ = {
			isa = PBXGroup;
			children = (
				32CA4F630368D1EE00C91783 /* qaul_Prefix.pch */,
				29B97316FDCFA39411CA2CEA /* main.mm */,
			);
			name = "Other Sources";
			sourceTree = "<group>";
		};
		29B97317FDCFA39411CA2CEA /* Resources */ = {
			isa = PBXGroup;
			children = (
				5FE1B4B5158BE18C00C1470C /* socat_start.sh */,
				5FE1B4AC158BB1C300C1470C /* socat */,
				5FE583D6133518B5005B46FA /* qaul.icns */,
				5F8FA37713239C59005FD408 /* olsrd_osx.conf */,
				5F8FA37513239B41005FD408 /* olsrd_qaul.so.0.1 */,
				5F8FA37313239B18005FD408 /* olsrd */,
				5F8FA35613239A32005FD408 /* www */,
				5F7A114313053DB000E86BB3 /* images */,
				8D1107310486CEB800E47090 /* Info.plist */,
				089C165CFE840E0CC02AAC07 /* InfoPlist.strings */,
				1DDD58140DA1D0A300B32029 /* MainMenu.xib */,
				5F8FA38D1323ADA2005FD408 /* olsrd_start.sh */,
				5FAE9B8D132D6D1A00E54A7D /* olsrd_stop.sh */,
			);
			name = Resources;
			sourceTree = "<group>";
		};
		29B97323FDCFA39411CA2CEA /* Frameworks */ = {
			isa = PBXGroup;
			children = (
				5F7A117D1305724D00E86BB3 /* libqaul */,
				1058C7A0FEA54F0111CA2CBB /* Linked Frameworks */,
				1058C7A2FEA54F0111CA2CBB /* Other Frameworks */,
			);
			name = Frameworks;
			sourceTree = "<group>";
		};
		5F7A114313053DB000E86BB3 /* images */ = {
			isa = PBXGroup;
			children = (
				5F35ADA813393C37005CF683 /* i-button_25.png */,
				5F35ADA113392A16005CF683 /* qaul-application.gif */,
				5FC30D29131A76420016E3FC /* sign.png */,
				5F7A114413053DB000E86BB3 /* drehen.gif */,
			);
			name = images;
			path = ../images;
			sourceTree = SOURCE_ROOT;
		};
		5F7A117D1305724D00E86BB3 /* libqaul */ = {
			isa = PBXGroup;
			children = (
				5F7A117E1305724D00E86BB3 /* libqaul.a */,
				5F7A11841305724D00E86BB3 /* qaullib.h */,
			);
			name = libqaul;
			path = ../libqaul;
			sourceTree = SOURCE_ROOT;
		};
/* End PBXGroup section */

/* Begin PBXNativeTarget section */
		8D1107260486CEB800E47090 /* qaul */ = {
			isa = PBXNativeTarget;
			buildConfigurationList = C01FCF4A08A954540054247B /* Build configuration list for PBXNativeTarget "qaul" */;
			buildPhases = (
				8D1107290486CEB800E47090 /* Resources */,
				8D11072C0486CEB800E47090 /* Sources */,
				8D11072E0486CEB800E47090 /* Frameworks */,
				5F902FB61306E253008882E4 /* CopyFiles */,
			);
			buildRules = (
			);
			dependencies = (
			);
			name = qaul;
			productInstallPath = "$(HOME)/Applications";
			productName = qaul;
			productReference = 8D1107320486CEB800E47090 /* qaul.app */;
			productType = "com.apple.product-type.application";
		};
/* End PBXNativeTarget section */

/* Begin PBXProject section */
		29B97313FDCFA39411CA2CEA /* Project object */ = {
			isa = PBXProject;
			attributes = {
				BuildIndependentTargetsInParallel = NO;
			};
			buildConfigurationList = C01FCF4E08A954540054247B /* Build configuration list for PBXProject "qaul" */;
			compatibilityVersion = "Xcode 3.2";
			developmentRegion = English;
			hasScannedForEncodings = 1;
			knownRegions = (
				English,
				Japanese,
				French,
				German,
			);
			mainGroup = 29B97314FDCFA39411CA2CEA /* qaul */;
			projectDirPath = "";
			projectRoot = "";
			targets = (
				8D1107260486CEB800E47090 /* qaul */,
			);
		};
/* End PBXProject section */

/* Begin PBXResourcesBuildPhase section */
		8D1107290486CEB800E47090 /* Resources */ = {
			isa = PBXResourcesBuildPhase;
			buildActionMask = 2147483647;
			files = (
				8D11072B0486CEB800E47090 /* InfoPlist.strings in Resources */,
				1DDD58160DA1D0A300B32029 /* MainMenu.xib in Resources */,
				5F7A114513053DB000E86BB3 /* drehen.gif in Resources */,
				5FC30D2A131A76420016E3FC /* sign.png in Resources */,
				5F8FA36E13239A32005FD408 /* www in Resources */,
				5F8FA37413239B18005FD408 /* olsrd in Resources */,
				5F8FA37613239B41005FD408 /* olsrd_qaul.so.0.1 in Resources */,
				5F8FA37813239C59005FD408 /* olsrd_osx.conf in Resources */,
				5F8FA38E1323ADA2005FD408 /* olsrd_start.sh in Resources */,
				5FAE9B8E132D6D1A00E54A7D /* olsrd_stop.sh in Resources */,
				5FE583D7133518B5005B46FA /* qaul.icns in Resources */,
				5F35ADA213392A16005CF683 /* qaul-application.gif in Resources */,
				5F35ADA913393C37005CF683 /* i-button_25.png in Resources */,
				5FE1B4AD158BB1C300C1470C /* socat in Resources */,
				5FE1B4B6158BE18C00C1470C /* socat_start.sh in Resources */,
			);
			runOnlyForDeploymentPostprocessing = 0;
		};
/* End PBXResourcesBuildPhase section */

/* Begin PBXSourcesBuildPhase section */
		8D11072C0486CEB800E47090 /* Sources */ = {
			isa = PBXSourcesBuildPhase;
			buildActionMask = 2147483647;
			files = (
				5F8FA1D51322E629005FD408 /* QaulConfigWifi.mm in Sources */,
				8D11072D0486CEB800E47090 /* main.mm in Sources */,
				5F7A10ED13038D3400E86BB3 /* WindowController.mm in Sources */,
				5FED4DEB1322988C00C2E6E0 /* QaulView.m in Sources */,
			);
			runOnlyForDeploymentPostprocessing = 0;
		};
/* End PBXSourcesBuildPhase section */

/* Begin PBXVariantGroup section */
		089C165CFE840E0CC02AAC07 /* InfoPlist.strings */ = {
			isa = PBXVariantGroup;
			children = (
				089C165DFE840E0CC02AAC07 /* English */,
			);
			name = InfoPlist.strings;
			sourceTree = "<group>";
		};
		1DDD58140DA1D0A300B32029 /* MainMenu.xib */ = {
			isa = PBXVariantGroup;
			children = (
				1DDD58150DA1D0A300B32029 /* English */,
			);
			name = MainMenu.xib;
			sourceTree = "<group>";
		};
/* End PBXVariantGroup section */

/* Begin XCBuildConfiguration section */
		C01FCF4B08A954540054247B /* Debug */ = {
			isa = XCBuildConfiguration;
			buildSettings = {
				ALWAYS_SEARCH_USER_PATHS = NO;
				COPY_PHASE_STRIP = NO;
				FRAMEWORK_SEARCH_PATHS = (
					"$(inherited)",
					"\"$(DEVELOPER_DIR)/SDKs/MacOSX10.6.sdk/System/Library/Frameworks\"",
				);
				GCC_DYNAMIC_NO_PIC = NO;
				GCC_ENABLE_FIX_AND_CONTINUE = YES;
				GCC_MODEL_TUNING = G5;
				GCC_OPTIMIZATION_LEVEL = 0;
				GCC_PRECOMPILE_PREFIX_HEADER = YES;
				GCC_PREFIX_HEADER = qaul_Prefix.pch;
				INFOPLIST_FILE = Info.plist;
				INSTALL_PATH = "$(HOME)/Applications";
				LIBRARY_SEARCH_PATHS = (
					"$(inherited)",
					"\"$(SRCROOT)/../libqaul\"",
					"\"$(DEVELOPER_DIR)/SDKs/MacOSX10.6.sdk/System/Library/Frameworks/CoreWLAN.framework\"",
				);
				PRODUCT_NAME = qaul;
			};
			name = Debug;
		};
		C01FCF4C08A954540054247B /* Release */ = {
			isa = XCBuildConfiguration;
			buildSettings = {
				ALWAYS_SEARCH_USER_PATHS = NO;
				DEBUG_INFORMATION_FORMAT = "dwarf-with-dsym";
				FRAMEWORK_SEARCH_PATHS = (
					"$(inherited)",
					"\"$(DEVELOPER_DIR)/SDKs/MacOSX10.6.sdk/System/Library/Frameworks\"",
				);
				GCC_MODEL_TUNING = G5;
				GCC_PRECOMPILE_PREFIX_HEADER = YES;
				GCC_PREFIX_HEADER = qaul_Prefix.pch;
				INFOPLIST_FILE = Info.plist;
				INSTALL_PATH = "$(HOME)/Applications";
				LIBRARY_SEARCH_PATHS = (
					"$(inherited)",
					"\"$(SRCROOT)/../libqaul\"",
					"\"$(DEVELOPER_DIR)/SDKs/MacOSX10.6.sdk/System/Library/Frameworks/CoreWLAN.framework\"",
				);
				PRODUCT_NAME = qaul;
			};
			name = Release;
		};
		C01FCF4F08A954540054247B /* Debug */ = {
			isa = XCBuildConfiguration;
			buildSettings = {
				ARCHS = "$(ARCHS_STANDARD_32_BIT)";
				GCC_C_LANGUAGE_STANDARD = c99;
				GCC_OPTIMIZATION_LEVEL = 0;
				GCC_WARN_ABOUT_RETURN_TYPE = YES;
				GCC_WARN_UNUSED_VARIABLE = YES;
				ONLY_ACTIVE_ARCH = YES;
				PREBINDING = NO;
				SDKROOT = macosx10.6;
			};
			name = Debug;
		};
		C01FCF5008A954540054247B /* Release */ = {
			isa = XCBuildConfiguration;
			buildSettings = {
				ARCHS = "$(ARCHS_STANDARD_32_BIT)";
				GCC_C_LANGUAGE_STANDARD = c99;
				GCC_WARN_ABOUT_RETURN_TYPE = YES;
				GCC_WARN_UNUSED_VARIABLE = YES;
				ONLY_ACTIVE_ARCH = YES;
				PREBINDING = NO;
				SDKROOT = macosx10.6;
			};
			name = Release;
		};
/* End XCBuildConfiguration section */

/* Begin XCConfigurationList section */
		C01FCF4A08A954540054247B /* Build configuration list for PBXNativeTarget "qaul" */ = {
			isa = XCConfigurationList;
			buildConfigurations = (
				C01FCF4B08A954540054247B /* Debug */,
				C01FCF4C08A954540054247B /* Release */,
			);
			defaultConfigurationIsVisible = 0;
			defaultConfigurationName = Release;
		};
		C01FCF4E08A954540054247B /* Build configuration list for PBXProject "qaul" */ = {
			isa = XCConfigurationList;
			buildConfigurations = (
				C01FCF4F08A954540054247B /* Debug */,
				C01FCF5008A954540054247B /* Release */,
			);
			defaultConfigurationIsVisible = 0;
			defaultConfigurationName = Release;
		};
/* End XCConfigurationList section */
	};
	rootObject = 29B97313FDCFA39411CA2CEA /* Project object */;
}
